// !$*UTF8*$!
{
	archiveVersion = 1;
	classes = {
	};
	objectVersion = 50;
	objects = {

/* Begin PBXBuildFile section */
		F2455A5724D07AD900AAD911 /* AppDelegate.swift in Sources */ = {isa = PBXBuildFile; fileRef = F2455A5624D07AD900AAD911 /* AppDelegate.swift */; };
		F2455A5924D07AD900AAD911 /* SceneDelegate.swift in Sources */ = {isa = PBXBuildFile; fileRef = F2455A5824D07AD900AAD911 /* SceneDelegate.swift */; };
		F2455A5B24D07AD900AAD911 /* ContentView.swift in Sources */ = {isa = PBXBuildFile; fileRef = F2455A5A24D07AD900AAD911 /* ContentView.swift */; };
		F2455A5D24D07ADA00AAD911 /* Assets.xcassets in Resources */ = {isa = PBXBuildFile; fileRef = F2455A5C24D07ADA00AAD911 /* Assets.xcassets */; };
		F2455A6024D07ADA00AAD911 /* Preview Assets.xcassets in Resources */ = {isa = PBXBuildFile; fileRef = F2455A5F24D07ADA00AAD911 /* Preview Assets.xcassets */; };
		F2455A6324D07ADA00AAD911 /* LaunchScreen.storyboard in Resources */ = {isa = PBXBuildFile; fileRef = F2455A6124D07ADA00AAD911 /* LaunchScreen.storyboard */; };
		F2455A6E24D07ADA00AAD911 /* gitDemoTests.swift in Sources */ = {isa = PBXBuildFile; fileRef = F2455A6D24D07ADA00AAD911 /* gitDemoTests.swift */; };
		F2455A7924D07ADA00AAD911 /* gitDemoUITests.swift in Sources */ = {isa = PBXBuildFile; fileRef = F2455A7824D07ADA00AAD911 /* gitDemoUITests.swift */; };
/* End PBXBuildFile section */

/* Begin PBXContainerItemProxy section */
		F2455A6A24D07ADA00AAD911 /* PBXContainerItemProxy */ = {
			isa = PBXContainerItemProxy;
			containerPortal = F2455A4B24D07AD900AAD911 /* Project object */;
			proxyType = 1;
			remoteGlobalIDString = F2455A5224D07AD900AAD911;
			remoteInfo = gitDemo;
		};
		F2455A7524D07ADA00AAD911 /* PBXContainerItemProxy */ = {
			isa = PBXContainerItemProxy;
			containerPortal = F2455A4B24D07AD900AAD911 /* Project object */;
			proxyType = 1;
			remoteGlobalIDString = F2455A5224D07AD900AAD911;
			remoteInfo = gitDemo;
		};
/* End PBXContainerItemProxy section */

/* Begin PBXFileReference section */
		F2455A5324D07AD900AAD911 /* gitDemo.app */ = {isa = PBXFileReference; explicitFileType = wrapper.application; includeInIndex = 0; path = gitDemo.app; sourceTree = BUILT_PRODUCTS_DIR; };
		F2455A5624D07AD900AAD911 /* AppDelegate.swift */ = {isa = PBXFileReference; lastKnownFileType = sourcecode.swift; path = AppDelegate.swift; sourceTree = "<group>"; };
		F2455A5824D07AD900AAD911 /* SceneDelegate.swift */ = {isa = PBXFileReference; lastKnownFileType = sourcecode.swift; path = SceneDelegate.swift; sourceTree = "<group>"; };
		F2455A5A24D07AD900AAD911 /* ContentView.swift */ = {isa = PBXFileReference; lastKnownFileType = sourcecode.swift; path = ContentView.swift; sourceTree = "<group>"; };
		F2455A5C24D07ADA00AAD911 /* Assets.xcassets */ = {isa = PBXFileReference; lastKnownFileType = folder.assetcatalog; path = Assets.xcassets; sourceTree = "<group>"; };
		F2455A5F24D07ADA00AAD911 /* Preview Assets.xcassets */ = {isa = PBXFileReference; lastKnownFileType = folder.assetcatalog; path = "Preview Assets.xcassets"; sourceTree = "<group>"; };
		F2455A6224D07ADA00AAD911 /* Base */ = {isa = PBXFileReference; lastKnownFileType = file.storyboard; name = Base; path = Base.lproj/LaunchScreen.storyboard; sourceTree = "<group>"; };
		F2455A6424D07ADA00AAD911 /* Info.plist */ = {isa = PBXFileReference; lastKnownFileType = text.plist.xml; path = Info.plist; sourceTree = "<group>"; };
		F2455A6924D07ADA00AAD911 /* gitDemoTests.xctest */ = {isa = PBXFileReference; explicitFileType = wrapper.cfbundle; includeInIndex = 0; path = gitDemoTests.xctest; sourceTree = BUILT_PRODUCTS_DIR; };
		F2455A6D24D07ADA00AAD911 /* gitDemoTests.swift */ = {isa = PBXFileReference; lastKnownFileType = sourcecode.swift; path = gitDemoTests.swift; sourceTree = "<group>"; };
		F2455A6F24D07ADA00AAD911 /* Info.plist */ = {isa = PBXFileReference; lastKnownFileType = text.plist.xml; path = Info.plist; sourceTree = "<group>"; };
		F2455A7424D07ADA00AAD911 /* gitDemoUITests.xctest */ = {isa = PBXFileReference; explicitFileType = wrapper.cfbundle; includeInIndex = 0; path = gitDemoUITests.xctest; sourceTree = BUILT_PRODUCTS_DIR; };
		F2455A7824D07ADA00AAD911 /* gitDemoUITests.swift */ = {isa = PBXFileReference; lastKnownFileType = sourcecode.swift; path = gitDemoUITests.swift; sourceTree = "<group>"; };
		F2455A7A24D07ADA00AAD911 /* Info.plist */ = {isa = PBXFileReference; lastKnownFileType = text.plist.xml; path = Info.plist; sourceTree = "<group>"; };
/* End PBXFileReference section */

/* Begin PBXFrameworksBuildPhase section */
		F2455A5024D07AD900AAD911 /* Frameworks */ = {
			isa = PBXFrameworksBuildPhase;
			buildActionMask = 2147483647;
			files = (
			);
			runOnlyForDeploymentPostprocessing = 0;
		};
		F2455A6624D07ADA00AAD911 /* Frameworks */ = {
			isa = PBXFrameworksBuildPhase;
			buildActionMask = 2147483647;
			files = (
			);
			runOnlyForDeploymentPostprocessing = 0;
		};
		F2455A7124D07ADA00AAD911 /* Frameworks */ = {
			isa = PBXFrameworksBuildPhase;
			buildActionMask = 2147483647;
			files = (
			);
			runOnlyForDeploymentPostprocessing = 0;
		};
/* End PBXFrameworksBuildPhase section */

/* Begin PBXGroup section */
		F2455A4A24D07AD900AAD911 = {
			isa = PBXGroup;
			children = (
				F2455A5524D07AD900AAD911 /* gitDemo */,
				F2455A6C24D07ADA00AAD911 /* gitDemoTests */,
				F2455A7724D07ADA00AAD911 /* gitDemoUITests */,
				F2455A5424D07AD900AAD911 /* Products */,
			);
			sourceTree = "<group>";
		};
		F2455A5424D07AD900AAD911 /* Products */ = {
			isa = PBXGroup;
			children = (
				F2455A5324D07AD900AAD911 /* gitDemo.app */,
				F2455A6924D07ADA00AAD911 /* gitDemoTests.xctest */,
				F2455A7424D07ADA00AAD911 /* gitDemoUITests.xctest */,
			);
			name = Products;
			sourceTree = "<group>";
		};
		F2455A5524D07AD900AAD911 /* gitDemo */ = {
			isa = PBXGroup;
			children = (
				F2455A5624D07AD900AAD911 /* AppDelegate.swift */,
				F2455A5824D07AD900AAD911 /* SceneDelegate.swift */,
				F2455A5A24D07AD900AAD911 /* ContentView.swift */,
				F2455A5C24D07ADA00AAD911 /* Assets.xcassets */,
				F2455A6124D07ADA00AAD911 /* LaunchScreen.storyboard */,
				F2455A6424D07ADA00AAD911 /* Info.plist */,
				F2455A5E24D07ADA00AAD911 /* Preview Content */,
			);
			path = gitDemo;
			sourceTree = "<group>";
		};
		F2455A5E24D07ADA00AAD911 /* Preview Content */ = {
			isa = PBXGroup;
			children = (
				F2455A5F24D07ADA00AAD911 /* Preview Assets.xcassets */,
			);
			path = "Preview Content";
			sourceTree = "<group>";
		};
		F2455A6C24D07ADA00AAD911 /* gitDemoTests */ = {
			isa = PBXGroup;
			children = (
				F2455A6D24D07ADA00AAD911 /* gitDemoTests.swift */,
				F2455A6F24D07ADA00AAD911 /* Info.plist */,
			);
			path = gitDemoTests;
			sourceTree = "<group>";
		};
		F2455A7724D07ADA00AAD911 /* gitDemoUITests */ = {
			isa = PBXGroup;
			children = (
				F2455A7824D07ADA00AAD911 /* gitDemoUITests.swift */,
				F2455A7A24D07ADA00AAD911 /* Info.plist */,
			);
			path = gitDemoUITests;
			sourceTree = "<group>";
		};
/* End PBXGroup section */

/* Begin PBXNativeTarget section */
		F2455A5224D07AD900AAD911 /* gitDemo */ = {
			isa = PBXNativeTarget;
			buildConfigurationList = F2455A7D24D07ADA00AAD911 /* Build configuration list for PBXNativeTarget "gitDemo" */;
			buildPhases = (
				F2455A4F24D07AD900AAD911 /* Sources */,
				F2455A5024D07AD900AAD911 /* Frameworks */,
				F2455A5124D07AD900AAD911 /* Resources */,
			);
			buildRules = (
			);
			dependencies = (
			);
			name = gitDemo;
			productName = gitDemo;
			productReference = F2455A5324D07AD900AAD911 /* gitDemo.app */;
			productType = "com.apple.product-type.application";
		};
		F2455A6824D07ADA00AAD911 /* gitDemoTests */ = {
			isa = PBXNativeTarget;
			buildConfigurationList = F2455A8024D07ADA00AAD911 /* Build configuration list for PBXNativeTarget "gitDemoTests" */;
			buildPhases = (
				F2455A6524D07ADA00AAD911 /* Sources */,
				F2455A6624D07ADA00AAD911 /* Frameworks */,
				F2455A6724D07ADA00AAD911 /* Resources */,
			);
			buildRules = (
			);
			dependencies = (
				F2455A6B24D07ADA00AAD911 /* PBXTargetDependency */,
			);
			name = gitDemoTests;
			productName = gitDemoTests;
			productReference = F2455A6924D07ADA00AAD911 /* gitDemoTests.xctest */;
			productType = "com.apple.product-type.bundle.unit-test";
		};
		F2455A7324D07ADA00AAD911 /* gitDemoUITests */ = {
			isa = PBXNativeTarget;
			buildConfigurationList = F2455A8324D07ADA00AAD911 /* Build configuration list for PBXNativeTarget "gitDemoUITests" */;
			buildPhases = (
				F2455A7024D07ADA00AAD911 /* Sources */,
				F2455A7124D07ADA00AAD911 /* Frameworks */,
				F2455A7224D07ADA00AAD911 /* Resources */,
			);
			buildRules = (
			);
			dependencies = (
				F2455A7624D07ADA00AAD911 /* PBXTargetDependency */,
			);
			name = gitDemoUITests;
			productName = gitDemoUITests;
			productReference = F2455A7424D07ADA00AAD911 /* gitDemoUITests.xctest */;
			productType = "com.apple.product-type.bundle.ui-testing";
		};
/* End PBXNativeTarget section */

/* Begin PBXProject section */
		F2455A4B24D07AD900AAD911 /* Project object */ = {
			isa = PBXProject;
			attributes = {
				LastSwiftUpdateCheck = 1160;
				LastUpgradeCheck = 1160;
				ORGANIZATIONNAME = "夜雨";
				TargetAttributes = {
					F2455A5224D07AD900AAD911 = {
						CreatedOnToolsVersion = 11.6;
					};
					F2455A6824D07ADA00AAD911 = {
						CreatedOnToolsVersion = 11.6;
						TestTargetID = F2455A5224D07AD900AAD911;
					};
					F2455A7324D07ADA00AAD911 = {
						CreatedOnToolsVersion = 11.6;
						TestTargetID = F2455A5224D07AD900AAD911;
					};
				};
			};
			buildConfigurationList = F2455A4E24D07AD900AAD911 /* Build configuration list for PBXProject "gitDemo" */;
			compatibilityVersion = "Xcode 9.3";
			developmentRegion = en;
			hasScannedForEncodings = 0;
			knownRegions = (
				en,
				Base,
			);
			mainGroup = F2455A4A24D07AD900AAD911;
			productRefGroup = F2455A5424D07AD900AAD911 /* Products */;
			projectDirPath = "";
			projectRoot = "";
			targets = (
				F2455A5224D07AD900AAD911 /* gitDemo */,
				F2455A6824D07ADA00AAD911 /* gitDemoTests */,
				F2455A7324D07ADA00AAD911 /* gitDemoUITests */,
			);
		};
/* End PBXProject section */

/* Begin PBXResourcesBuildPhase section */
		F2455A5124D07AD900AAD911 /* Resources */ = {
			isa = PBXResourcesBuildPhase;
			buildActionMask = 2147483647;
			files = (
				F2455A6324D07ADA00AAD911 /* LaunchScreen.storyboard in Resources */,
				F2455A6024D07ADA00AAD911 /* Preview Assets.xcassets in Resources */,
				F2455A5D24D07ADA00AAD911 /* Assets.xcassets in Resources */,
			);
			runOnlyForDeploymentPostprocessing = 0;
		};
		F2455A6724D07ADA00AAD911 /* Resources */ = {
			isa = PBXResourcesBuildPhase;
			buildActionMask = 2147483647;
			files = (
			);
			runOnlyForDeploymentPostprocessing = 0;
		};
		F2455A7224D07ADA00AAD911 /* Resources */ = {
			isa = PBXResourcesBuildPhase;
			buildActionMask = 2147483647;
			files = (
			);
			runOnlyForDeploymentPostprocessing = 0;
		};
/* End PBXResourcesBuildPhase section */

/* Begin PBXSourcesBuildPhase section */
		F2455A4F24D07AD900AAD911 /* Sources */ = {
			isa = PBXSourcesBuildPhase;
			buildActionMask = 2147483647;
			files = (
				F2455A5724D07AD900AAD911 /* AppDelegate.swift in Sources */,
				F2455A5924D07AD900AAD911 /* SceneDelegate.swift in Sources */,
				F2455A5B24D07AD900AAD911 /* ContentView.swift in Sources */,
			);
			runOnlyForDeploymentPostprocessing = 0;
		};
		F2455A6524D07ADA00AAD911 /* Sources */ = {
			isa = PBXSourcesBuildPhase;
			buildActionMask = 2147483647;
			files = (
				F2455A6E24D07ADA00AAD911 /* gitDemoTests.swift in Sources */,
			);
			runOnlyForDeploymentPostprocessing = 0;
		};
		F2455A7024D07ADA00AAD911 /* Sources */ = {
			isa = PBXSourcesBuildPhase;
			buildActionMask = 2147483647;
			files = (
				F2455A7924D07ADA00AAD911 /* gitDemoUITests.swift in Sources */,
			);
			runOnlyForDeploymentPostprocessing = 0;
		};
/* End PBXSourcesBuildPhase section */

/* Begin PBXTargetDependency section */
		F2455A6B24D07ADA00AAD911 /* PBXTargetDependency */ = {
			isa = PBXTargetDependency;
			target = F2455A5224D07AD900AAD911 /* gitDemo */;
			targetProxy = F2455A6A24D07ADA00AAD911 /* PBXContainerItemProxy */;
		};
		F2455A7624D07ADA00AAD911 /* PBXTargetDependency */ = {
			isa = PBXTargetDependency;
			target = F2455A5224D07AD900AAD911 /* gitDemo */;
			targetProxy = F2455A7524D07ADA00AAD911 /* PBXContainerItemProxy */;
		};
/* End PBXTargetDependency section */

/* Begin PBXVariantGroup section */
		F2455A6124D07ADA00AAD911 /* LaunchScreen.storyboard */ = {
			isa = PBXVariantGroup;
			children = (
				F2455A6224D07ADA00AAD911 /* Base */,
			);
			name = LaunchScreen.storyboard;
			sourceTree = "<group>";
		};
/* End PBXVariantGroup section */

/* Begin XCBuildConfiguration section */
		F2455A7B24D07ADA00AAD911 /* Debug */ = {
			isa = XCBuildConfiguration;
			buildSettings = {
				ALWAYS_SEARCH_USER_PATHS = NO;
				CLANG_ANALYZER_NONNULL = YES;
				CLANG_ANALYZER_NUMBER_OBJECT_CONVERSION = YES_AGGRESSIVE;
				CLANG_CXX_LANGUAGE_STANDARD = "gnu++14";
				CLANG_CXX_LIBRARY = "libc++";
				CLANG_ENABLE_MODULES = YES;
				CLANG_ENABLE_OBJC_ARC = YES;
				CLANG_ENABLE_OBJC_WEAK = YES;
				CLANG_WARN_BLOCK_CAPTURE_AUTORELEASING = YES;
				CLANG_WARN_BOOL_CONVERSION = YES;
				CLANG_WARN_COMMA = YES;
				CLANG_WARN_CONSTANT_CONVERSION = YES;
				CLANG_WARN_DEPRECATED_OBJC_IMPLEMENTATIONS = YES;
				CLANG_WARN_DIRECT_OBJC_ISA_USAGE = YES_ERROR;
				CLANG_WARN_DOCUMENTATION_COMMENTS = YES;
				CLANG_WARN_EMPTY_BODY = YES;
				CLANG_WARN_ENUM_CONVERSION = YES;
				CLANG_WARN_INFINITE_RECURSION = YES;
				CLANG_WARN_INT_CONVERSION = YES;
				CLANG_WARN_NON_LITERAL_NULL_CONVERSION = YES;
				CLANG_WARN_OBJC_IMPLICIT_RETAIN_SELF = YES;
				CLANG_WARN_OBJC_LITERAL_CONVERSION = YES;
				CLANG_WARN_OBJC_ROOT_CLASS = YES_ERROR;
				CLANG_WARN_RANGE_LOOP_ANALYSIS = YES;
				CLANG_WARN_STRICT_PROTOTYPES = YES;
				CLANG_WARN_SUSPICIOUS_MOVE = YES;
				CLANG_WARN_UNGUARDED_AVAILABILITY = YES_AGGRESSIVE;
				CLANG_WARN_UNREACHABLE_CODE = YES;
				CLANG_WARN__DUPLICATE_METHOD_MATCH = YES;
				COPY_PHASE_STRIP = NO;
				DEBUG_INFORMATION_FORMAT = dwarf;
				ENABLE_STRICT_OBJC_MSGSEND = YES;
				ENABLE_TESTABILITY = YES;
				GCC_C_LANGUAGE_STANDARD = gnu11;
				GCC_DYNAMIC_NO_PIC = NO;
				GCC_NO_COMMON_BLOCKS = YES;
				GCC_OPTIMIZATION_LEVEL = 0;
				GCC_PREPROCESSOR_DEFINITIONS = (
					"DEBUG=1",
					"$(inherited)",
				);
				GCC_WARN_64_TO_32_BIT_CONVERSION = YES;
				GCC_WARN_ABOUT_RETURN_TYPE = YES_ERROR;
				GCC_WARN_UNDECLARED_SELECTOR = YES;
				GCC_WARN_UNINITIALIZED_AUTOS = YES_AGGRESSIVE;
				GCC_WARN_UNUSED_FUNCTION = YES;
				GCC_WARN_UNUSED_VARIABLE = YES;
				IPHONEOS_DEPLOYMENT_TARGET = 13.6;
				MTL_ENABLE_DEBUG_INFO = INCLUDE_SOURCE;
				MTL_FAST_MATH = YES;
				ONLY_ACTIVE_ARCH = YES;
				SDKROOT = iphoneos;
				SWIFT_ACTIVE_COMPILATION_CONDITIONS = DEBUG;
				SWIFT_OPTIMIZATION_LEVEL = "-Onone";
			};
			name = Debug;
		};
		F2455A7C24D07ADA00AAD911 /* Release */ = {
			isa = XCBuildConfiguration;
			buildSettings = {
				ALWAYS_SEARCH_USER_PATHS = NO;
				CLANG_ANALYZER_NONNULL = YES;
				CLANG_ANALYZER_NUMBER_OBJECT_CONVERSION = YES_AGGRESSIVE;
				CLANG_CXX_LANGUAGE_STANDARD = "gnu++14";
				CLANG_CXX_LIBRARY = "libc++";
				CLANG_ENABLE_MODULES = YES;
				CLANG_ENABLE_OBJC_ARC = YES;
				CLANG_ENABLE_OBJC_WEAK = YES;
				CLANG_WARN_BLOCK_CAPTURE_AUTORELEASING = YES;
				CLANG_WARN_BOOL_CONVERSION = YES;
				CLANG_WARN_COMMA = YES;
				CLANG_WARN_CONSTANT_CONVERSION = YES;
				CLANG_WARN_DEPRECATED_OBJC_IMPLEMENTATIONS = YES;
				CLANG_WARN_DIRECT_OBJC_ISA_USAGE = YES_ERROR;
				CLANG_WARN_DOCUMENTATION_COMMENTS = YES;
				CLANG_WARN_EMPTY_BODY = YES;
				CLANG_WARN_ENUM_CONVERSION = YES;
				CLANG_WARN_INFINITE_RECURSION = YES;
				CLANG_WARN_INT_CONVERSION = YES;
				CLANG_WARN_NON_LITERAL_NULL_CONVERSION = YES;
				CLANG_WARN_OBJC_IMPLICIT_RETAIN_SELF = YES;
				CLANG_WARN_OBJC_LITERAL_CONVERSION = YES;
				CLANG_WARN_OBJC_ROOT_CLASS = YES_ERROR;
				CLANG_WARN_RANGE_LOOP_ANALYSIS = YES;
				CLANG_WARN_STRICT_PROTOTYPES = YES;
				CLANG_WARN_SUSPICIOUS_MOVE = YES;
				CLANG_WARN_UNGUARDED_AVAILABILITY = YES_AGGRESSIVE;
				CLANG_WARN_UNREACHABLE_CODE = YES;
				CLANG_WARN__DUPLICATE_METHOD_MATCH = YES;
				COPY_PHASE_STRIP = NO;
				DEBUG_INFORMATION_FORMAT = "dwarf-with-dsym";
				ENABLE_NS_ASSERTIONS = NO;
				ENABLE_STRICT_OBJC_MSGSEND = YES;
				GCC_C_LANGUAGE_STANDARD = gnu11;
				GCC_NO_COMMON_BLOCKS = YES;
				GCC_WARN_64_TO_32_BIT_CONVERSION = YES;
				GCC_WARN_ABOUT_RETURN_TYPE = YES_ERROR;
				GCC_WARN_UNDECLARED_SELECTOR = YES;
				GCC_WARN_UNINITIALIZED_AUTOS = YES_AGGRESSIVE;
				GCC_WARN_UNUSED_FUNCTION = YES;
				GCC_WARN_UNUSED_VARIABLE = YES;
				IPHONEOS_DEPLOYMENT_TARGET = 13.6;
				MTL_ENABLE_DEBUG_INFO = NO;
				MTL_FAST_MATH = YES;
				SDKROOT = iphoneos;
				SWIFT_COMPILATION_MODE = wholemodule;
				SWIFT_OPTIMIZATION_LEVEL = "-O";
				VALIDATE_PRODUCT = YES;
			};
			name = Release;
		};
		F2455A7E24D07ADA00AAD911 /* Debug */ = {
			isa = XCBuildConfiguration;
			buildSettings = {
				ASSETCATALOG_COMPILER_APPICON_NAME = AppIcon;
				CODE_SIGN_STYLE = Automatic;
				DEVELOPMENT_ASSET_PATHS = "\"gitDemo/Preview Content\"";
				DEVELOPMENT_TEAM = C6B53D2BRW;
				ENABLE_PREVIEWS = YES;
				INFOPLIST_FILE = gitDemo/Info.plist;
				LD_RUNPATH_SEARCH_PATHS = (
					"$(inherited)",
					"@executable_path/Frameworks",
				);
				PRODUCT_BUNDLE_IDENTIFIER = yeyu.gitDemo;
				PRODUCT_NAME = "$(TARGET_NAME)";
				SWIFT_VERSION = 5.0;
				TARGETED_DEVICE_FAMILY = "1,2";
			};
			name = Debug;
		};
		F2455A7F24D07ADA00AAD911 /* Release */ = {
			isa = XCBuildConfiguration;
			buildSettings = {
				ASSETCATALOG_COMPILER_APPICON_NAME = AppIcon;
				CODE_SIGN_STYLE = Automatic;
				DEVELOPMENT_ASSET_PATHS = "\"gitDemo/Preview Content\"";
				DEVELOPMENT_TEAM = C6B53D2BRW;
				ENABLE_PREVIEWS = YES;
				INFOPLIST_FILE = gitDemo/Info.plist;
				LD_RUNPATH_SEARCH_PATHS = (
					"$(inherited)",
					"@executable_path/Frameworks",
				);
				PRODUCT_BUNDLE_IDENTIFIER = yeyu.gitDemo;
				PRODUCT_NAME = "$(TARGET_NAME)";
				SWIFT_VERSION = 5.0;
				TARGETED_DEVICE_FAMILY = "1,2";
			};
			name = Release;
		};
		F2455A8124D07ADA00AAD911 /* Debug */ = {
			isa = XCBuildConfiguration;
			buildSettings = {
				ALWAYS_EMBED_SWIFT_STANDARD_LIBRARIES = YES;
				BUNDLE_LOADER = "$(TEST_HOST)";
				CODE_SIGN_STYLE = Automatic;
				DEVELOPMENT_TEAM = C6B53D2BRW;
				INFOPLIST_FILE = gitDemoTests/Info.plist;
				IPHONEOS_DEPLOYMENT_TARGET = 13.6;
				LD_RUNPATH_SEARCH_PATHS = (
					"$(inherited)",
					"@executable_path/Frameworks",
					"@loader_path/Frameworks",
				);
				PRODUCT_BUNDLE_IDENTIFIER = yeyu.gitDemoTests;
				PRODUCT_NAME = "$(TARGET_NAME)";
				SWIFT_VERSION = 5.0;
				TARGETED_DEVICE_FAMILY = "1,2";
				TEST_HOST = "$(BUILT_PRODUCTS_DIR)/gitDemo.app/gitDemo";
			};
			name = Debug;
		};
		F2455A8224D07ADA00AAD911 /* Release */ = {
			isa = XCBuildConfiguration;
			buildSettings = {
				ALWAYS_EMBED_SWIFT_STANDARD_LIBRARIES = YES;
				BUNDLE_LOADER = "$(TEST_HOST)";
				CODE_SIGN_STYLE = Automatic;
				DEVELOPMENT_TEAM = C6B53D2BRW;
				INFOPLIST_FILE = gitDemoTests/Info.plist;
				IPHONEOS_DEPLOYMENT_TARGET = 13.6;
				LD_RUNPATH_SEARCH_PATHS = (
					"$(inherited)",
					"@executable_path/Frameworks",
					"@loader_path/Frameworks",
				);
				PRODUCT_BUNDLE_IDENTIFIER = yeyu.gitDemoTests;
				PRODUCT_NAME = "$(TARGET_NAME)";
				SWIFT_VERSION = 5.0;
				TARGETED_DEVICE_FAMILY = "1,2";
				TEST_HOST = "$(BUILT_PRODUCTS_DIR)/gitDemo.app/gitDemo";
			};
			name = Release;
		};
		F2455A8424D07ADA00AAD911 /* Debug */ = {
			isa = XCBuildConfiguration;
			buildSettings = {
				ALWAYS_EMBED_SWIFT_STANDARD_LIBRARIES = YES;
				CODE_SIGN_STYLE = Automatic;
				DEVELOPMENT_TEAM = C6B53D2BRW;
				INFOPLIST_FILE = gitDemoUITests/Info.plist;
				LD_RUNPATH_SEARCH_PATHS = (
					"$(inherited)",
					"@executable_path/Frameworks",
					"@loader_path/Frameworks",
				);
				PRODUCT_BUNDLE_IDENTIFIER = yeyu.gitDemoUITests;
				PRODUCT_NAME = "$(TARGET_NAME)";
				SWIFT_VERSION = 5.0;
				TARGETED_DEVICE_FAMILY = "1,2";
				TEST_TARGET_NAME = gitDemo;
			};
			name = Debug;
		};
		F2455A8524D07ADA00AAD911 /* Release */ = {
			isa = XCBuildConfiguration;
			buildSettings = {
				ALWAYS_EMBED_SWIFT_STANDARD_LIBRARIES = YES;
				CODE_SIGN_STYLE = Automatic;
				DEVELOPMENT_TEAM = C6B53D2BRW;
				INFOPLIST_FILE = gitDemoUITests/Info.plist;
				LD_RUNPATH_SEARCH_PATHS = (
					"$(inherited)",
					"@executable_path/Frameworks",
					"@loader_path/Frameworks",
				);
				PRODUCT_BUNDLE_IDENTIFIER = yeyu.gitDemoUITests;
				PRODUCT_NAME = "$(TARGET_NAME)";
				SWIFT_VERSION = 5.0;
				TARGETED_DEVICE_FAMILY = "1,2";
				TEST_TARGET_NAME = gitDemo;
			};
			name = Release;
		};
/* End XCBuildConfiguration section */

/* Begin XCConfigurationList section */
		F2455A4E24D07AD900AAD911 /* Build configuration list for PBXProject "gitDemo" */ = {
			isa = XCConfigurationList;
			buildConfigurations = (
				F2455A7B24D07ADA00AAD911 /* Debug */,
				F2455A7C24D07ADA00AAD911 /* Release */,
			);
			defaultConfigurationIsVisible = 0;
			defaultConfigurationName = Release;
		};
		F2455A7D24D07ADA00AAD911 /* Build configuration list for PBXNativeTarget "gitDemo" */ = {
			isa = XCConfigurationList;
			buildConfigurations = (
				F2455A7E24D07ADA00AAD911 /* Debug */,
				F2455A7F24D07ADA00AAD911 /* Release */,
			);
			defaultConfigurationIsVisible = 0;
			defaultConfigurationName = Release;
		};
		F2455A8024D07ADA00AAD911 /* Build configuration list for PBXNativeTarget "gitDemoTests" */ = {
			isa = XCConfigurationList;
			buildConfigurations = (
				F2455A8124D07ADA00AAD911 /* Debug */,
				F2455A8224D07ADA00AAD911 /* Release */,
			);
			defaultConfigurationIsVisible = 0;
			defaultConfigurationName = Release;
		};
		F2455A8324D07ADA00AAD911 /* Build configuration list for PBXNativeTarget "gitDemoUITests" */ = {
			isa = XCConfigurationList;
			buildConfigurations = (
				F2455A8424D07ADA00AAD911 /* Debug */,
				F2455A8524D07ADA00AAD911 /* Release */,
			);
			defaultConfigurationIsVisible = 0;
			defaultConfigurationName = Release;
		};
/* End XCConfigurationList section */
	};
	rootObject = F2455A4B24D07AD900AAD911 /* Project object */;
}
